github.com/aws/aws-lambda-go v1.47.0 h1:0H8s0vumYx/YKs4sE7YM0ktwL2eWse+kfopsRI1sXVI=
github.com/aws/aws-lambda-go v1.47.0/go.mod h1:dpMpZgvWx5vuQJfBt0zqBha60q7Dd7RfgJv23DymV8A=
github.com/aws/aws-sdk-go-v2 v1.36.3 h1:mJoei2CxPutQVxaATCzDUjcZEjVRdpsiiXi2o38yqWM=
github.com/aws/aws-sdk-go-v2 v1.36.3/go.mod h1:LLXuLpgzEbD766Z5ECcRmi8AzSwfZItDtmABVkRLGzg=
github.com/aws/aws-sdk-go-v2/aws/protocol/eventstream v1.6.10 h1:zAybnyUQXIZ5mok5Jqwlf58/TFE7uvd3IAsa1aF9cXs=
github.com/aws/aws-sdk-go-v2/aws/protocol/eventstream v1.6.10/go.mod h1:qqvMj6gHLR/EXWZw4ZbqlPbQUyenf4h82UQUlKc+l14=
github.com/aws/aws-sdk-go-v2/config v1.29.0 h1:Vk/u4jof33or1qAQLdofpjKV7mQQT7DcUpnYx8kdmxY=
github.com/aws/aws-sdk-go-v2/config v1.29.0/go.mod h1:iXAZK3Gxvpq3tA+B9WaDYpZis7M8KFgdrDPMmHrgbJM=
github.com/aws/aws-sdk-go-v2/credentials v1.17.53 h1:lwrVhiEDW5yXsuVKlFVUnR2R50zt2DklhOyeLETqDuE=
github.com/aws/aws-sdk-go-v2/credentials v1.17.53/go.mod h1:CkqM1bIw/xjEpBMhBnvqUXYZbpCFuj6dnCAyDk2AtAY=
github.com/aws/aws-sdk-go-v2/feature/ec2/imds v1.16.24 h1:5grmdTdMsovn9kPZPI23Hhvp0ZyNm5cRO+IZFIYiAfw=
github.com/aws/aws-sdk-go-v2/feature/ec2/imds v1.16.24/go.mod h1:zqi7TVKTswH3Ozq28PkmBmgzG1tona7mo9G2IJg4Cis=
github.com/aws/aws-sdk-go-v2/internal/configsources v1.3.34 h1:ZK5jHhnrioRkUNOc+hOgQKlUL5JeC3S6JgLxtQ+Rm0Q=
github.com/aws/aws-sdk-go-v2/internal/configsources v1.3.34/go.mod h1:p4VfIceZokChbA9FzMbRGz5OV+lekcVtHlPKEO0gSZY=
github.com/aws/aws-sdk-go-v2/internal/endpoints/v2 v2.6.34 h1:SZwFm17ZUNNg5Np0ioo/gq8Mn6u9w19Mri8DnJ15Jf0=
github.com/aws/aws-sdk-go-v2/internal/endpoints/v2 v2.6.34/go.mod h1:dFZsC0BLo346mvKQLWmoJxT+Sjp+qcVR1tRVHQGOH9Q=
github.com/aws/aws-sdk-go-v2/internal/ini v1.8.1 h1:VaRN3TlFdd6KxX1x3ILT5ynH6HvKgqdiXoTxAF4HQcQ=
github.com/aws/aws-sdk-go-v2/internal/ini v1.8.1/go.mod h1:FbtygfRFze9usAadmnGJNc8KsP346kEe+y2/oyhGAGc=
github.com/aws/aws-sdk-go-v2/internal/v4a v1.3.34 h1:ZNTqv4nIdE/DiBfUUfXcLZ/Spcuz+RjeziUtNJackkM=
github.com/aws/aws-sdk-go-v2/internal/v4a v1.3.34/go.mod h1:zf7Vcd1ViW7cPqYWEHLHJkS50X0JS2IKz9Cgaj6ugrs=
github.com/aws/aws-sdk-go-v2/service/internal/accept-encoding v1.12.3 h1:eAh2A4b5IzM/lum78bZ590jy36+d/aFLgKF/4Vd1xPE=
github.com/aws/aws-sdk-go-v2/service/internal/accept-encoding v1.12.3/go.mod h1:0yKJC/kb8sAnmlYa6Zs3QVYqaC8ug2AbnNChv5Ox3uA=
github.com/aws/aws-sdk-go-v2/service/internal/checksum v1.6.2 h1:t/gZFyrijKuSU0elA5kRngP/oU3mc0I+Dvp8HwRE4c0=
github.com/aws/aws-sdk-go-v2/service/internal/checksum v1.6.2/go.mod h1:iu6FSzgt+M2/x3Dk8zhycdIcHjEFb36IS8HVUVFoMg0=
github.com/aws/aws-sdk-go-v2/service/internal/presigned-url v1.12.15 h1:dM9/92u2F1JbDaGooxTq18wmmFzbJRfXfVfy96/1CXM=
github.com/aws/aws-sdk-go-v2/service/internal/presigned-url v1.12.15/go.mod h1:SwFBy2vjtA0vZbjjaFtfN045boopadnoVPhu4Fv66vY=
github.com/aws/aws-sdk-go-v2/service/internal/s3shared v1.18.15 h1:moLQUoVq91LiqT1nbvzDukyqAlCv89ZmwaHw/ZFlFZg=
github.com/aws/aws-sdk-go-v2/service/internal/s3shared v1.18.15/go.mod h1:ZH34PJUc8ApjBIfgQCFvkWcUDBtl/WTD+uiYHjd8igA=
github.com/aws/aws-sdk-go-v2/service/s3 v1.78.0 h1:EBm8lXevBWe+kK9VOU/IBeOI189WPRwPUc3LvJK9GOs=
github.com/aws/aws-sdk-go-v2/service/s3 v1.78.0/go.mod h1:4qzsZSzB/KiX2EzDjs9D7A8rI/WGJxZceVJIHqtJjIU=
github.com/aws/aws-sdk-go-v2/service/sso v1.24.10 h1:DyZUj3xSw3FR3TXSwDhPhuZkkT14QHBiacdbUVcD0Dg=
github.com/aws/aws-sdk-go-v2/service/sso v1.24.10/go.mod h1:Ro744S4fKiCCuZECXgOi760TiYylUM8ZBf6OGiZzJtY=
github.com/aws/aws-sdk-go-v2/service/ssooidc v1.28.9 h1:I1TsPEs34vbpOnR81GIcAq4/3Ud+jRHVGwx6qLQUHLs=
github.com/aws/aws-sdk-go-v2/service/ssooidc v1.28.9/go.mod h1:Fzsj6lZEb8AkTE5S68OhcbBqeWPsR8RnGuKPr8Todl8=
github.com/aws/aws-sdk-go-v2/service/sts v1.33.8 h1:pqEJQtlKWvnv3B6VRt60ZmsHy3SotlEBvfUBPB1KVcM=
github.com/aws/aws-sdk-go-v2/service/sts v1.33.8/go.mod h1:f6vjfZER1M17Fokn0IzssOTMT2N8ZSq+7jnNF0tArvw=
github.com/aws/smithy-go v1.22.2 h1:6D9hW43xKFrRx/tXXfAlIZc4JI+yQe6snnWcQyxSyLQ=
github.com/aws/smithy-go v1.22.2/go.mod h1:irrKGvNn1InZwb2d7fkIRNucdfwR8R+Ts3wxYa/cJHg=
github.com/davecgh/go-spew v1.1.1 h1:vj9j/u1bqnvCEfJOwUhtlOARqs3+rkHYY13jYWTU97c=
github.com/davecgh/go-spew v1.1.1/go.mod h1:J7Y8YcW2NihsgmVo/mv3lAwl/skON4iLHjSsI+c5H38=
github.com/pmezard/go-difflib v1.0.0 h1:4DBwDE0NGyQoBHbLQYPwSUPoCMWR5BEzIk/f1lZbAQM=
github.com/pmezard/go-difflib v1.0.0/go.mod h1:iKH77koFhYxTK1pcRnkKkqfTogsbg7gZNVY4sRDYZ/4=
github.com/stretchr/testify v1.7.2 h1:4jaiDzPyXQvSd7D0EjG45355tLlV3VOECpq10pLC+8s=
github.com/stretchr/testify v1.7.2/go.mod h1:R6va5+xMeoiuVRoj+gSkQ7d3FALtqAAGI1FQKckRals=
gopkg.in/check.v1 v0.0.0-20161208181325-20d25e280405 h1:yhCVgyC4o1eVCa2tZl7eS0r+SDo693bJlVdllGtEeKM=
gopkg.in/check.v1 v0.0.0-20161208181325-20d25e280405/go.mod h1:Co6ibVJAznAaIkqp8huTwlJQCZ016jof/cbN4VW5Yz0=
gopkg.in/yaml.v3 v3.0.1 h1:fxVm/GzAzEWqLHuvctI91KS9hhNmmWOoWu0XTYJS7CA=
gopkg.in/yaml.v3 v3.0.1/go.mod h1:K4uyk7z7BCEPqu6E+C64Yfv1cQ7kz7rIZviUmN+EgEM=
